
Microsoft Visual Studio Solution File, Format Version 12.00
Project("{FAE04EC0-301F-11D3-BF4B-00C04F79EFBC}") = "ScratchConsoleApp", "ScratchConsoleApp.csproj", "{48EDFA34-9C20-4688-B1DE-8A0482231891}"
EndProject
Global
	GlobalSection(SolutionConfigurationPlatforms) = preSolution
		Debug|Any CPU = Debug|Any CPU
		Release|Any CPU = Release|Any CPU
	EndGlobalSection
	GlobalSection(ProjectConfigurationPlatforms) = postSolution
		{48EDFA34-9C20-4688-B1DE-8A0482231891}.Debug|Any CPU.ActiveCfg = Debug|Any CPU
		{48EDFA34-9C20-4688-B1DE-8A0482231891}.Debug|Any CPU.Build.0 = Debug|Any CPU
		{48EDFA34-9C20-4688-B1DE-8A0482231891}.Release|Any CPU.ActiveCfg = Release|Any CPU
		{48EDFA34-9C20-4688-B1DE-8A0482231891}.Release|Any CPU.Build.0 = Release|Any CPU
	EndGlobalSection
EndGlobal
